{
  "name": "@simoneconti/eslint-config",
  "version": "1.0.2",
  "lockfileVersion": 1,
  "requires": true,
  "dependencies": {
    "@simoneconti/prettier-config": {
      "version": "1.0.4",
      "resolved": "https://registry.npmjs.org/@simoneconti/prettier-config/-/prettier-config-1.0.4.tgz",
      "integrity": "sha512-3fHAmWswSS4VjDCdGYZgy5n83ephRm0x64k6SShXe+bWYMZH98+euP+YUmABWU5bA4iZbVC6IzOpmXTwdOSSAA==",
      "dev": true
    }
  }
}
